
Microsoft Visual Studio Solution File, Format Version 12.00
# Visual Studio Version 16
VisualStudioVersion = 16.0.30225.117
MinimumVisualStudioVersion = 10.0.40219.1
Project("{FAE04EC0-301F-11D3-BF4B-00C04F79EFBC}") = "ContaOnline.Domain", "ContaOnline.Domain\ContaOnline.Domain.csproj", "{F6C85A69-16A5-4BED-936F-19354EAFD805}"
EndProject
Project("{FAE04EC0-301F-11D3-BF4B-00C04F79EFBC}") = "ContaOnline.Repository", "ContaOnline.Repository\ContaOnline.Repository.csproj", "{00F4C6A4-EFAC-4E24-867F-30A065E3B02D}"
EndProject
Project("{FAE04EC0-301F-11D3-BF4B-00C04F79EFBC}") = "ContaOnline.Services", "ContaOnline.Services\ContaOnline.Services.csproj", "{78EFA87A-D6CD-4AFA-8E3E-1268D9096744}"
EndProject
Project("{FAE04EC0-301F-11D3-BF4B-00C04F79EFBC}") = "ContaOnline.UI.Web", "ContaOnline.UI.Web\ContaOnline.UI.Web.csproj", "{3D5235CA-5160-42DC-9FB7-C7FD9480642F}"
EndProject
Project("{FAE04EC0-301F-11D3-BF4B-00C04F79EFBC}") = "ContaOnline.Tests", "ContaOnline.Tests\ContaOnline.Tests.csproj", "{C8181EDD-7AF1-40E9-A14A-7A59D797E5D6}"
EndProject
Global
	GlobalSection(SolutionConfigurationPlatforms) = preSolution
		Debug|Any CPU = Debug|Any CPU
		Release|Any CPU = Release|Any CPU
	EndGlobalSection
	GlobalSection(ProjectConfigurationPlatforms) = postSolution
		{F6C85A69-16A5-4BED-936F-19354EAFD805}.Debug|Any CPU.ActiveCfg = Debug|Any CPU
		{F6C85A69-16A5-4BED-936F-19354EAFD805}.Debug|Any CPU.Build.0 = Debug|Any CPU
		{F6C85A69-16A5-4BED-936F-19354EAFD805}.Release|Any CPU.ActiveCfg = Release|Any CPU
		{F6C85A69-16A5-4BED-936F-19354EAFD805}.Release|Any CPU.Build.0 = Release|Any CPU
		{00F4C6A4-EFAC-4E24-867F-30A065E3B02D}.Debug|Any CPU.ActiveCfg = Debug|Any CPU
		{00F4C6A4-EFAC-4E24-867F-30A065E3B02D}.Debug|Any CPU.Build.0 = Debug|Any CPU
		{00F4C6A4-EFAC-4E24-867F-30A065E3B02D}.Release|Any CPU.ActiveCfg = Release|Any CPU
		{00F4C6A4-EFAC-4E24-867F-30A065E3B02D}.Release|Any CPU.Build.0 = Release|Any CPU
		{78EFA87A-D6CD-4AFA-8E3E-1268D9096744}.Debug|Any CPU.ActiveCfg = Debug|Any CPU
		{78EFA87A-D6CD-4AFA-8E3E-1268D9096744}.Debug|Any CPU.Build.0 = Debug|Any CPU
		{78EFA87A-D6CD-4AFA-8E3E-1268D9096744}.Release|Any CPU.ActiveCfg = Release|Any CPU
		{78EFA87A-D6CD-4AFA-8E3E-1268D9096744}.Release|Any CPU.Build.0 = Release|Any CPU
		{3D5235CA-5160-42DC-9FB7-C7FD9480642F}.Debug|Any CPU.ActiveCfg = Debug|Any CPU
		{3D5235CA-5160-42DC-9FB7-C7FD9480642F}.Debug|Any CPU.Build.0 = Debug|Any CPU
		{3D5235CA-5160-42DC-9FB7-C7FD9480642F}.Release|Any CPU.ActiveCfg = Release|Any CPU
		{3D5235CA-5160-42DC-9FB7-C7FD9480642F}.Release|Any CPU.Build.0 = Release|Any CPU
		{C8181EDD-7AF1-40E9-A14A-7A59D797E5D6}.Debug|Any CPU.ActiveCfg = Debug|Any CPU
		{C8181EDD-7AF1-40E9-A14A-7A59D797E5D6}.Debug|Any CPU.Build.0 = Debug|Any CPU
		{C8181EDD-7AF1-40E9-A14A-7A59D797E5D6}.Release|Any CPU.ActiveCfg = Release|Any CPU
		{C8181EDD-7AF1-40E9-A14A-7A59D797E5D6}.Release|Any CPU.Build.0 = Release|Any CPU
	EndGlobalSection
	GlobalSection(SolutionProperties) = preSolution
		HideSolutionNode = FALSE
	EndGlobalSection
	GlobalSection(ExtensibilityGlobals) = postSolution
		SolutionGuid = {A6522B7C-DA49-4C61-B7A2-215C5E7BADFD}
	EndGlobalSection
EndGlobal
